// !$*UTF8*$!
{
	archiveVersion = 1;
	classes = {
	};
	objectVersion = 46;
	objects = {

/* Begin PBXBuildFile section */
		3543147C1C2A7DC400602C50 /* main.m in Sources */ = {isa = PBXBuildFile; fileRef = 3543147B1C2A7DC400602C50 /* main.m */; };
		3543147F1C2A7DC400602C50 /* AppDelegate.m in Sources */ = {isa = PBXBuildFile; fileRef = 3543147E1C2A7DC400602C50 /* AppDelegate.m */; };
		354314821C2A7DC400602C50 /* GameScene.m in Sources */ = {isa = PBXBuildFile; fileRef = 354314811C2A7DC400602C50 /* GameScene.m */; };
		354314841C2A7DC400602C50 /* GameScene.sks in Resources */ = {isa = PBXBuildFile; fileRef = 354314831C2A7DC400602C50 /* GameScene.sks */; };
		354314871C2A7DC400602C50 /* GameViewController.m in Sources */ = {isa = PBXBuildFile; fileRef = 354314861C2A7DC400602C50 /* GameViewController.m */; };
		354314891C2A7DC400602C50 /* Game.xcassets in Resources */ = {isa = PBXBuildFile; fileRef = 354314881C2A7DC400602C50 /* Game.xcassets */; };
		3543148C1C2A7DC400602C50 /* Main.storyboard in Resources */ = {isa = PBXBuildFile; fileRef = 3543148A1C2A7DC400602C50 /* Main.storyboard */; };
		3543148E1C2A7DC500602C50 /* Assets.xcassets in Resources */ = {isa = PBXBuildFile; fileRef = 3543148D1C2A7DC500602C50 /* Assets.xcassets */; };
		354314991C2A7DC500602C50 /* MultiPongTests.m in Sources */ = {isa = PBXBuildFile; fileRef = 354314981C2A7DC500602C50 /* MultiPongTests.m */; };
		354314A41C2A82C800602C50 /* GameKit.framework in Frameworks */ = {isa = PBXBuildFile; fileRef = 354314A31C2A82C800602C50 /* GameKit.framework */; };
		354314AD1C2A8DFA00602C50 /* main.m in Sources */ = {isa = PBXBuildFile; fileRef = 354314AC1C2A8DFA00602C50 /* main.m */; };
		354314B01C2A8DFA00602C50 /* AppDelegate.m in Sources */ = {isa = PBXBuildFile; fileRef = 354314AF1C2A8DFA00602C50 /* AppDelegate.m */; };
		354314B21C2A8DFA00602C50 /* art.scnassets in Resources */ = {isa = PBXBuildFile; fileRef = 354314B11C2A8DFA00602C50 /* art.scnassets */; };
		354314B51C2A8DFA00602C50 /* GameViewController.m in Sources */ = {isa = PBXBuildFile; fileRef = 354314B41C2A8DFA00602C50 /* GameViewController.m */; };
		354314B81C2A8DFA00602C50 /* Main.storyboard in Resources */ = {isa = PBXBuildFile; fileRef = 354314B61C2A8DFA00602C50 /* Main.storyboard */; };
		354314BA1C2A8DFA00602C50 /* Assets.xcassets in Resources */ = {isa = PBXBuildFile; fileRef = 354314B91C2A8DFA00602C50 /* Assets.xcassets */; };
		354314BD1C2A8DFA00602C50 /* LaunchScreen.storyboard in Resources */ = {isa = PBXBuildFile; fileRef = 354314BB1C2A8DFA00602C50 /* LaunchScreen.storyboard */; };
		354314C81C2A8DFA00602C50 /* MultiPong_iPhoneTests.m in Sources */ = {isa = PBXBuildFile; fileRef = 354314C71C2A8DFA00602C50 /* MultiPong_iPhoneTests.m */; };
		354314D11C2A8E0E00602C50 /* GameKit.framework in Frameworks */ = {isa = PBXBuildFile; fileRef = 354314D01C2A8E0E00602C50 /* GameKit.framework */; };
/* End PBXBuildFile section */

/* Begin PBXContainerItemProxy section */
		354314951C2A7DC500602C50 /* PBXContainerItemProxy */ = {
			isa = PBXContainerItemProxy;
			containerPortal = 3543146F1C2A7DC400602C50 /* Project object */;
			proxyType = 1;
			remoteGlobalIDString = 354314761C2A7DC400602C50;
			remoteInfo = MultiPong;
		};
		354314C41C2A8DFA00602C50 /* PBXContainerItemProxy */ = {
			isa = PBXContainerItemProxy;
			containerPortal = 3543146F1C2A7DC400602C50 /* Project object */;
			proxyType = 1;
			remoteGlobalIDString = 354314A81C2A8DFA00602C50;
			remoteInfo = "MultiPong iPhone";
		};
/* End PBXContainerItemProxy section */

/* Begin PBXFileReference section */
		354314771C2A7DC400602C50 /* MultiPong.app */ = {isa = PBXFileReference; explicitFileType = wrapper.application; includeInIndex = 0; path = MultiPong.app; sourceTree = BUILT_PRODUCTS_DIR; };
		3543147B1C2A7DC400602C50 /* main.m */ = {isa = PBXFileReference; lastKnownFileType = sourcecode.c.objc; path = main.m; sourceTree = "<group>"; };
		3543147D1C2A7DC400602C50 /* AppDelegate.h */ = {isa = PBXFileReference; lastKnownFileType = sourcecode.c.h; path = AppDelegate.h; sourceTree = "<group>"; };
		3543147E1C2A7DC400602C50 /* AppDelegate.m */ = {isa = PBXFileReference; lastKnownFileType = sourcecode.c.objc; path = AppDelegate.m; sourceTree = "<group>"; };
		354314801C2A7DC400602C50 /* GameScene.h */ = {isa = PBXFileReference; lastKnownFileType = sourcecode.c.h; path = GameScene.h; sourceTree = "<group>"; };
		354314811C2A7DC400602C50 /* GameScene.m */ = {isa = PBXFileReference; lastKnownFileType = sourcecode.c.objc; path = GameScene.m; sourceTree = "<group>"; };
		354314831C2A7DC400602C50 /* GameScene.sks */ = {isa = PBXFileReference; lastKnownFileType = file.sks; path = GameScene.sks; sourceTree = "<group>"; };
		354314851C2A7DC400602C50 /* GameViewController.h */ = {isa = PBXFileReference; lastKnownFileType = sourcecode.c.h; path = GameViewController.h; sourceTree = "<group>"; };
		354314861C2A7DC400602C50 /* GameViewController.m */ = {isa = PBXFileReference; lastKnownFileType = sourcecode.c.objc; path = GameViewController.m; sourceTree = "<group>"; };
		354314881C2A7DC400602C50 /* Game.xcassets */ = {isa = PBXFileReference; lastKnownFileType = folder.assetcatalog; path = Game.xcassets; sourceTree = "<group>"; };
		3543148B1C2A7DC400602C50 /* Base */ = {isa = PBXFileReference; lastKnownFileType = file.storyboard; name = Base; path = Base.lproj/Main.storyboard; sourceTree = "<group>"; };
		3543148D1C2A7DC500602C50 /* Assets.xcassets */ = {isa = PBXFileReference; lastKnownFileType = folder.assetcatalog; path = Assets.xcassets; sourceTree = "<group>"; };
		3543148F1C2A7DC500602C50 /* Info.plist */ = {isa = PBXFileReference; lastKnownFileType = text.plist.xml; path = Info.plist; sourceTree = "<group>"; };
		354314941C2A7DC500602C50 /* MultiPongTests.xctest */ = {isa = PBXFileReference; explicitFileType = wrapper.cfbundle; includeInIndex = 0; path = MultiPongTests.xctest; sourceTree = BUILT_PRODUCTS_DIR; };
		354314981C2A7DC500602C50 /* MultiPongTests.m */ = {isa = PBXFileReference; lastKnownFileType = sourcecode.c.objc; path = MultiPongTests.m; sourceTree = "<group>"; };
		3543149A1C2A7DC500602C50 /* Info.plist */ = {isa = PBXFileReference; lastKnownFileType = text.plist.xml; path = Info.plist; sourceTree = "<group>"; };
		354314A31C2A82C800602C50 /* GameKit.framework */ = {isa = PBXFileReference; lastKnownFileType = wrapper.framework; name = GameKit.framework; path = System/Library/Frameworks/GameKit.framework; sourceTree = SDKROOT; };
		354314A91C2A8DFA00602C50 /* MultiPong iPhone.app */ = {isa = PBXFileReference; explicitFileType = wrapper.application; includeInIndex = 0; path = "MultiPong iPhone.app"; sourceTree = BUILT_PRODUCTS_DIR; };
		354314AC1C2A8DFA00602C50 /* main.m */ = {isa = PBXFileReference; lastKnownFileType = sourcecode.c.objc; path = main.m; sourceTree = "<group>"; };
		354314AE1C2A8DFA00602C50 /* AppDelegate.h */ = {isa = PBXFileReference; lastKnownFileType = sourcecode.c.h; path = AppDelegate.h; sourceTree = "<group>"; };
		354314AF1C2A8DFA00602C50 /* AppDelegate.m */ = {isa = PBXFileReference; lastKnownFileType = sourcecode.c.objc; path = AppDelegate.m; sourceTree = "<group>"; };
		354314B11C2A8DFA00602C50 /* art.scnassets */ = {isa = PBXFileReference; lastKnownFileType = wrapper.scnassets; path = art.scnassets; sourceTree = "<group>"; };
		354314B31C2A8DFA00602C50 /* GameViewController.h */ = {isa = PBXFileReference; lastKnownFileType = sourcecode.c.h; path = GameViewController.h; sourceTree = "<group>"; };
		354314B41C2A8DFA00602C50 /* GameViewController.m */ = {isa = PBXFileReference; lastKnownFileType = sourcecode.c.objc; path = GameViewController.m; sourceTree = "<group>"; };
		354314B71C2A8DFA00602C50 /* Base */ = {isa = PBXFileReference; lastKnownFileType = file.storyboard; name = Base; path = Base.lproj/Main.storyboard; sourceTree = "<group>"; };
		354314B91C2A8DFA00602C50 /* Assets.xcassets */ = {isa = PBXFileReference; lastKnownFileType = folder.assetcatalog; path = Assets.xcassets; sourceTree = "<group>"; };
		354314BC1C2A8DFA00602C50 /* Base */ = {isa = PBXFileReference; lastKnownFileType = file.storyboard; name = Base; path = Base.lproj/LaunchScreen.storyboard; sourceTree = "<group>"; };
		354314BE1C2A8DFA00602C50 /* Info.plist */ = {isa = PBXFileReference; lastKnownFileType = text.plist.xml; path = Info.plist; sourceTree = "<group>"; };
		354314C31C2A8DFA00602C50 /* MultiPong iPhoneTests.xctest */ = {isa = PBXFileReference; explicitFileType = wrapper.cfbundle; includeInIndex = 0; path = "MultiPong iPhoneTests.xctest"; sourceTree = BUILT_PRODUCTS_DIR; };
		354314C71C2A8DFA00602C50 /* MultiPong_iPhoneTests.m */ = {isa = PBXFileReference; lastKnownFileType = sourcecode.c.objc; path = MultiPong_iPhoneTests.m; sourceTree = "<group>"; };
		354314C91C2A8DFA00602C50 /* Info.plist */ = {isa = PBXFileReference; lastKnownFileType = text.plist.xml; path = Info.plist; sourceTree = "<group>"; };
		354314D01C2A8E0E00602C50 /* GameKit.framework */ = {isa = PBXFileReference; lastKnownFileType = wrapper.framework; name = GameKit.framework; path = Platforms/iPhoneOS.platform/Developer/SDKs/iPhoneOS9.2.sdk/System/Library/Frameworks/GameKit.framework; sourceTree = DEVELOPER_DIR; };
/* End PBXFileReference section */

/* Begin PBXFrameworksBuildPhase section */
		354314741C2A7DC400602C50 /* Frameworks */ = {
			isa = PBXFrameworksBuildPhase;
			buildActionMask = 2147483647;
			files = (
				354314A41C2A82C800602C50 /* GameKit.framework in Frameworks */,
			);
			runOnlyForDeploymentPostprocessing = 0;
		};
		354314911C2A7DC500602C50 /* Frameworks */ = {
			isa = PBXFrameworksBuildPhase;
			buildActionMask = 2147483647;
			files = (
			);
			runOnlyForDeploymentPostprocessing = 0;
		};
		354314A61C2A8DFA00602C50 /* Frameworks */ = {
			isa = PBXFrameworksBuildPhase;
			buildActionMask = 2147483647;
			files = (
				354314D11C2A8E0E00602C50 /* GameKit.framework in Frameworks */,
			);
			runOnlyForDeploymentPostprocessing = 0;
		};
		354314C01C2A8DFA00602C50 /* Frameworks */ = {
			isa = PBXFrameworksBuildPhase;
			buildActionMask = 2147483647;
			files = (
			);
			runOnlyForDeploymentPostprocessing = 0;
		};
/* End PBXFrameworksBuildPhase section */

/* Begin PBXGroup section */
		3543146E1C2A7DC400602C50 = {
			isa = PBXGroup;
			children = (
				354314791C2A7DC400602C50 /* MultiPong */,
				354314971C2A7DC500602C50 /* MultiPongTests */,
				354314AA1C2A8DFA00602C50 /* MultiPong iPhone */,
				354314C61C2A8DFA00602C50 /* MultiPong iPhoneTests */,
				354314781C2A7DC400602C50 /* Products */,
			);
			sourceTree = "<group>";
		};
		354314781C2A7DC400602C50 /* Products */ = {
			isa = PBXGroup;
			children = (
				354314771C2A7DC400602C50 /* MultiPong.app */,
				354314941C2A7DC500602C50 /* MultiPongTests.xctest */,
				354314A91C2A8DFA00602C50 /* MultiPong iPhone.app */,
				354314C31C2A8DFA00602C50 /* MultiPong iPhoneTests.xctest */,
			);
			name = Products;
			sourceTree = "<group>";
		};
		354314791C2A7DC400602C50 /* MultiPong */ = {
			isa = PBXGroup;
			children = (
				3543147D1C2A7DC400602C50 /* AppDelegate.h */,
				3543147E1C2A7DC400602C50 /* AppDelegate.m */,
				354314801C2A7DC400602C50 /* GameScene.h */,
				354314811C2A7DC400602C50 /* GameScene.m */,
				354314831C2A7DC400602C50 /* GameScene.sks */,
				354314851C2A7DC400602C50 /* GameViewController.h */,
				354314861C2A7DC400602C50 /* GameViewController.m */,
				354314881C2A7DC400602C50 /* Game.xcassets */,
				3543148A1C2A7DC400602C50 /* Main.storyboard */,
				3543148D1C2A7DC500602C50 /* Assets.xcassets */,
				3543148F1C2A7DC500602C50 /* Info.plist */,
				3543147A1C2A7DC400602C50 /* Supporting Files */,
			);
			path = MultiPong;
			sourceTree = "<group>";
		};
		3543147A1C2A7DC400602C50 /* Supporting Files */ = {
			isa = PBXGroup;
			children = (
				354314A31C2A82C800602C50 /* GameKit.framework */,
				3543147B1C2A7DC400602C50 /* main.m */,
			);
			name = "Supporting Files";
			sourceTree = "<group>";
		};
		354314971C2A7DC500602C50 /* MultiPongTests */ = {
			isa = PBXGroup;
			children = (
				354314981C2A7DC500602C50 /* MultiPongTests.m */,
				3543149A1C2A7DC500602C50 /* Info.plist */,
			);
			path = MultiPongTests;
			sourceTree = "<group>";
		};
		354314AA1C2A8DFA00602C50 /* MultiPong iPhone */ = {
			isa = PBXGroup;
			children = (
				354314AE1C2A8DFA00602C50 /* AppDelegate.h */,
				354314AF1C2A8DFA00602C50 /* AppDelegate.m */,
				354314B11C2A8DFA00602C50 /* art.scnassets */,
				354314B31C2A8DFA00602C50 /* GameViewController.h */,
				354314B41C2A8DFA00602C50 /* GameViewController.m */,
				354314B61C2A8DFA00602C50 /* Main.storyboard */,
				354314B91C2A8DFA00602C50 /* Assets.xcassets */,
				354314BB1C2A8DFA00602C50 /* LaunchScreen.storyboard */,
				354314BE1C2A8DFA00602C50 /* Info.plist */,
				354314AB1C2A8DFA00602C50 /* Supporting Files */,
			);
			path = "MultiPong iPhone";
			sourceTree = "<group>";
		};
		354314AB1C2A8DFA00602C50 /* Supporting Files */ = {
			isa = PBXGroup;
			children = (
				354314D01C2A8E0E00602C50 /* GameKit.framework */,
				354314AC1C2A8DFA00602C50 /* main.m */,
			);
			name = "Supporting Files";
			sourceTree = "<group>";
		};
		354314C61C2A8DFA00602C50 /* MultiPong iPhoneTests */ = {
			isa = PBXGroup;
			children = (
				354314C71C2A8DFA00602C50 /* MultiPong_iPhoneTests.m */,
				354314C91C2A8DFA00602C50 /* Info.plist */,
			);
			path = "MultiPong iPhoneTests";
			sourceTree = "<group>";
		};
/* End PBXGroup section */

/* Begin PBXNativeTarget section */
		354314761C2A7DC400602C50 /* MultiPong */ = {
			isa = PBXNativeTarget;
			buildConfigurationList = 3543149D1C2A7DC500602C50 /* Build configuration list for PBXNativeTarget "MultiPong" */;
			buildPhases = (
				354314731C2A7DC400602C50 /* Sources */,
				354314741C2A7DC400602C50 /* Frameworks */,
				354314751C2A7DC400602C50 /* Resources */,
			);
			buildRules = (
			);
			dependencies = (
			);
			name = MultiPong;
			productName = MultiPong;
			productReference = 354314771C2A7DC400602C50 /* MultiPong.app */;
			productType = "com.apple.product-type.application";
		};
		354314931C2A7DC500602C50 /* MultiPongTests */ = {
			isa = PBXNativeTarget;
			buildConfigurationList = 354314A01C2A7DC500602C50 /* Build configuration list for PBXNativeTarget "MultiPongTests" */;
			buildPhases = (
				354314901C2A7DC500602C50 /* Sources */,
				354314911C2A7DC500602C50 /* Frameworks */,
				354314921C2A7DC500602C50 /* Resources */,
			);
			buildRules = (
			);
			dependencies = (
				354314961C2A7DC500602C50 /* PBXTargetDependency */,
			);
			name = MultiPongTests;
			productName = MultiPongTests;
			productReference = 354314941C2A7DC500602C50 /* MultiPongTests.xctest */;
			productType = "com.apple.product-type.bundle.unit-test";
		};
		354314A81C2A8DFA00602C50 /* MultiPong iPhone */ = {
			isa = PBXNativeTarget;
			buildConfigurationList = 354314CA1C2A8DFA00602C50 /* Build configuration list for PBXNativeTarget "MultiPong iPhone" */;
			buildPhases = (
				354314A51C2A8DFA00602C50 /* Sources */,
				354314A61C2A8DFA00602C50 /* Frameworks */,
				354314A71C2A8DFA00602C50 /* Resources */,
			);
			buildRules = (
			);
			dependencies = (
			);
			name = "MultiPong iPhone";
			productName = "MultiPong iPhone";
			productReference = 354314A91C2A8DFA00602C50 /* MultiPong iPhone.app */;
			productType = "com.apple.product-type.application";
		};
		354314C21C2A8DFA00602C50 /* MultiPong iPhoneTests */ = {
			isa = PBXNativeTarget;
			buildConfigurationList = 354314CD1C2A8DFA00602C50 /* Build configuration list for PBXNativeTarget "MultiPong iPhoneTests" */;
			buildPhases = (
				354314BF1C2A8DFA00602C50 /* Sources */,
				354314C01C2A8DFA00602C50 /* Frameworks */,
				354314C11C2A8DFA00602C50 /* Resources */,
			);
			buildRules = (
			);
			dependencies = (
				354314C51C2A8DFA00602C50 /* PBXTargetDependency */,
			);
			name = "MultiPong iPhoneTests";
			productName = "MultiPong iPhoneTests";
			productReference = 354314C31C2A8DFA00602C50 /* MultiPong iPhoneTests.xctest */;
			productType = "com.apple.product-type.bundle.unit-test";
		};
/* End PBXNativeTarget section */

/* Begin PBXProject section */
		3543146F1C2A7DC400602C50 /* Project object */ = {
			isa = PBXProject;
			attributes = {
				LastUpgradeCheck = 0720;
				ORGANIZATIONNAME = "Robinson Bros.";
				TargetAttributes = {
					354314761C2A7DC400602C50 = {
						CreatedOnToolsVersion = 7.2;
					};
					354314931C2A7DC500602C50 = {
						CreatedOnToolsVersion = 7.2;
						TestTargetID = 354314761C2A7DC400602C50;
					};
					354314A81C2A8DFA00602C50 = {
						CreatedOnToolsVersion = 7.2;
						DevelopmentTeam = 5CR7G53RES;
					};
					354314C21C2A8DFA00602C50 = {
						CreatedOnToolsVersion = 7.2;
						TestTargetID = 354314A81C2A8DFA00602C50;
					};
				};
			};
			buildConfigurationList = 354314721C2A7DC400602C50 /* Build configuration list for PBXProject "MultiPong" */;
			compatibilityVersion = "Xcode 3.2";
			developmentRegion = English;
			hasScannedForEncodings = 0;
			knownRegions = (
				en,
				Base,
			);
			mainGroup = 3543146E1C2A7DC400602C50;
			productRefGroup = 354314781C2A7DC400602C50 /* Products */;
			projectDirPath = "";
			projectRoot = "";
			targets = (
				354314761C2A7DC400602C50 /* MultiPong */,
				354314931C2A7DC500602C50 /* MultiPongTests */,
				354314A81C2A8DFA00602C50 /* MultiPong iPhone */,
				354314C21C2A8DFA00602C50 /* MultiPong iPhoneTests */,
			);
		};
/* End PBXProject section */

/* Begin PBXResourcesBuildPhase section */
		354314751C2A7DC400602C50 /* Resources */ = {
			isa = PBXResourcesBuildPhase;
			buildActionMask = 2147483647;
			files = (
				3543148C1C2A7DC400602C50 /* Main.storyboard in Resources */,
				354314841C2A7DC400602C50 /* GameScene.sks in Resources */,
				3543148E1C2A7DC500602C50 /* Assets.xcassets in Resources */,
				354314891C2A7DC400602C50 /* Game.xcassets in Resources */,
			);
			runOnlyForDeploymentPostprocessing = 0;
		};
		354314921C2A7DC500602C50 /* Resources */ = {
			isa = PBXResourcesBuildPhase;
			buildActionMask = 2147483647;
			files = (
			);
			runOnlyForDeploymentPostprocessing = 0;
		};
		354314A71C2A8DFA00602C50 /* Resources */ = {
			isa = PBXResourcesBuildPhase;
			buildActionMask = 2147483647;
			files = (
				354314B21C2A8DFA00602C50 /* art.scnassets in Resources */,
				354314BD1C2A8DFA00602C50 /* LaunchScreen.storyboard in Resources */,
				354314BA1C2A8DFA00602C50 /* Assets.xcassets in Resources */,
				354314B81C2A8DFA00602C50 /* Main.storyboard in Resources */,
			);
			runOnlyForDeploymentPostprocessing = 0;
		};
		354314C11C2A8DFA00602C50 /* Resources */ = {
			isa = PBXResourcesBuildPhase;
			buildActionMask = 2147483647;
			files = (
			);
			runOnlyForDeploymentPostprocessing = 0;
		};
/* End PBXResourcesBuildPhase section */

/* Begin PBXSourcesBuildPhase section */
		354314731C2A7DC400602C50 /* Sources */ = {
			isa = PBXSourcesBuildPhase;
			buildActionMask = 2147483647;
			files = (
				354314871C2A7DC400602C50 /* GameViewController.m in Sources */,
				3543147F1C2A7DC400602C50 /* AppDelegate.m in Sources */,
				354314821C2A7DC400602C50 /* GameScene.m in Sources */,
				3543147C1C2A7DC400602C50 /* main.m in Sources */,
			);
			runOnlyForDeploymentPostprocessing = 0;
		};
		354314901C2A7DC500602C50 /* Sources */ = {
			isa = PBXSourcesBuildPhase;
			buildActionMask = 2147483647;
			files = (
				354314991C2A7DC500602C50 /* MultiPongTests.m in Sources */,
			);
			runOnlyForDeploymentPostprocessing = 0;
		};
		354314A51C2A8DFA00602C50 /* Sources */ = {
			isa = PBXSourcesBuildPhase;
			buildActionMask = 2147483647;
			files = (
				354314B01C2A8DFA00602C50 /* AppDelegate.m in Sources */,
				354314B51C2A8DFA00602C50 /* GameViewController.m in Sources */,
				354314AD1C2A8DFA00602C50 /* main.m in Sources */,
			);
			runOnlyForDeploymentPostprocessing = 0;
		};
		354314BF1C2A8DFA00602C50 /* Sources */ = {
			isa = PBXSourcesBuildPhase;
			buildActionMask = 2147483647;
			files = (
				354314C81C2A8DFA00602C50 /* MultiPong_iPhoneTests.m in Sources */,
			);
			runOnlyForDeploymentPostprocessing = 0;
		};
/* End PBXSourcesBuildPhase section */

/* Begin PBXTargetDependency section */
		354314961C2A7DC500602C50 /* PBXTargetDependency */ = {
			isa = PBXTargetDependency;
			target = 354314761C2A7DC400602C50 /* MultiPong */;
			targetProxy = 354314951C2A7DC500602C50 /* PBXContainerItemProxy */;
		};
		354314C51C2A8DFA00602C50 /* PBXTargetDependency */ = {
			isa = PBXTargetDependency;
			target = 354314A81C2A8DFA00602C50 /* MultiPong iPhone */;
			targetProxy = 354314C41C2A8DFA00602C50 /* PBXContainerItemProxy */;
		};
/* End PBXTargetDependency section */

/* Begin PBXVariantGroup section */
		3543148A1C2A7DC400602C50 /* Main.storyboard */ = {
			isa = PBXVariantGroup;
			children = (
				3543148B1C2A7DC400602C50 /* Base */,
			);
			name = Main.storyboard;
			sourceTree = "<group>";
		};
		354314B61C2A8DFA00602C50 /* Main.storyboard */ = {
			isa = PBXVariantGroup;
			children = (
				354314B71C2A8DFA00602C50 /* Base */,
			);
			name = Main.storyboard;
			sourceTree = "<group>";
		};
		354314BB1C2A8DFA00602C50 /* LaunchScreen.storyboard */ = {
			isa = PBXVariantGroup;
			children = (
				354314BC1C2A8DFA00602C50 /* Base */,
			);
			name = LaunchScreen.storyboard;
			sourceTree = "<group>";
		};
/* End PBXVariantGroup section */

/* Begin XCBuildConfiguration section */
		3543149B1C2A7DC500602C50 /* Debug */ = {
			isa = XCBuildConfiguration;
			buildSettings = {
				ALWAYS_SEARCH_USER_PATHS = NO;
				CLANG_CXX_LANGUAGE_STANDARD = "gnu++0x";
				CLANG_CXX_LIBRARY = "libc++";
				CLANG_ENABLE_MODULES = YES;
				CLANG_ENABLE_OBJC_ARC = YES;
				CLANG_WARN_BOOL_CONVERSION = YES;
				CLANG_WARN_CONSTANT_CONVERSION = YES;
				CLANG_WARN_DIRECT_OBJC_ISA_USAGE = YES_ERROR;
				CLANG_WARN_EMPTY_BODY = YES;
				CLANG_WARN_ENUM_CONVERSION = YES;
				CLANG_WARN_INT_CONVERSION = YES;
				CLANG_WARN_OBJC_ROOT_CLASS = YES_ERROR;
				CLANG_WARN_UNREACHABLE_CODE = YES;
				CLANG_WARN__DUPLICATE_METHOD_MATCH = YES;
				COPY_PHASE_STRIP = NO;
				DEBUG_INFORMATION_FORMAT = "dwarf-with-dsym";
				ENABLE_STRICT_OBJC_MSGSEND = YES;
				ENABLE_TESTABILITY = YES;
				GCC_C_LANGUAGE_STANDARD = gnu99;
				GCC_DYNAMIC_NO_PIC = NO;
				GCC_NO_COMMON_BLOCKS = YES;
				GCC_OPTIMIZATION_LEVEL = 0;
				GCC_PREPROCESSOR_DEFINITIONS = (
					"DEBUG=1",
					"$(inherited)",
				);
				GCC_WARN_64_TO_32_BIT_CONVERSION = YES;
				GCC_WARN_ABOUT_RETURN_TYPE = YES_ERROR;
				GCC_WARN_UNDECLARED_SELECTOR = YES;
				GCC_WARN_UNINITIALIZED_AUTOS = YES_AGGRESSIVE;
				GCC_WARN_UNUSED_FUNCTION = YES;
				GCC_WARN_UNUSED_VARIABLE = YES;
				MTL_ENABLE_DEBUG_INFO = YES;
				ONLY_ACTIVE_ARCH = YES;
				SDKROOT = appletvos;
				TARGETED_DEVICE_FAMILY = 3;
				TVOS_DEPLOYMENT_TARGET = 9.1;
			};
			name = Debug;
		};
		3543149C1C2A7DC500602C50 /* Release */ = {
			isa = XCBuildConfiguration;
			buildSettings = {
				ALWAYS_SEARCH_USER_PATHS = NO;
				CLANG_CXX_LANGUAGE_STANDARD = "gnu++0x";
				CLANG_CXX_LIBRARY = "libc++";
				CLANG_ENABLE_MODULES = YES;
				CLANG_ENABLE_OBJC_ARC = YES;
				CLANG_WARN_BOOL_CONVERSION = YES;
				CLANG_WARN_CONSTANT_CONVERSION = YES;
				CLANG_WARN_DIRECT_OBJC_ISA_USAGE = YES_ERROR;
				CLANG_WARN_EMPTY_BODY = YES;
				CLANG_WARN_ENUM_CONVERSION = YES;
				CLANG_WARN_INT_CONVERSION = YES;
				CLANG_WARN_OBJC_ROOT_CLASS = YES_ERROR;
				CLANG_WARN_UNREACHABLE_CODE = YES;
				CLANG_WARN__DUPLICATE_METHOD_MATCH = YES;
				COPY_PHASE_STRIP = NO;
				DEBUG_INFORMATION_FORMAT = "dwarf-with-dsym";
				ENABLE_NS_ASSERTIONS = NO;
				ENABLE_STRICT_OBJC_MSGSEND = YES;
				GCC_C_LANGUAGE_STANDARD = gnu99;
				GCC_NO_COMMON_BLOCKS = YES;
				GCC_WARN_64_TO_32_BIT_CONVERSION = YES;
				GCC_WARN_ABOUT_RETURN_TYPE = YES_ERROR;
				GCC_WARN_UNDECLARED_SELECTOR = YES;
				GCC_WARN_UNINITIALIZED_AUTOS = YES_AGGRESSIVE;
				GCC_WARN_UNUSED_FUNCTION = YES;
				GCC_WARN_UNUSED_VARIABLE = YES;
				MTL_ENABLE_DEBUG_INFO = NO;
				SDKROOT = appletvos;
				TARGETED_DEVICE_FAMILY = 3;
				TVOS_DEPLOYMENT_TARGET = 9.1;
				VALIDATE_PRODUCT = YES;
			};
			name = Release;
		};
		3543149E1C2A7DC500602C50 /* Debug */ = {
			isa = XCBuildConfiguration;
			buildSettings = {
				ASSETCATALOG_COMPILER_APPICON_NAME = "App Icon & Top Shelf Image";
				ASSETCATALOG_COMPILER_LAUNCHIMAGE_NAME = LaunchImage;
				INFOPLIST_FILE = MultiPong/Info.plist;
				LD_RUNPATH_SEARCH_PATHS = "$(inherited) @executable_path/Frameworks";
				PRODUCT_BUNDLE_IDENTIFIER = com.RobinsonBros.MultiPong;
				PRODUCT_NAME = "$(TARGET_NAME)";
			};
			name = Debug;
		};
		3543149F1C2A7DC500602C50 /* Release */ = {
			isa = XCBuildConfiguration;
			buildSettings = {
				ASSETCATALOG_COMPILER_APPICON_NAME = "App Icon & Top Shelf Image";
				ASSETCATALOG_COMPILER_LAUNCHIMAGE_NAME = LaunchImage;
				INFOPLIST_FILE = MultiPong/Info.plist;
				LD_RUNPATH_SEARCH_PATHS = "$(inherited) @executable_path/Frameworks";
				PRODUCT_BUNDLE_IDENTIFIER = com.RobinsonBros.MultiPong;
				PRODUCT_NAME = "$(TARGET_NAME)";
			};
			name = Release;
		};
		354314A11C2A7DC500602C50 /* Debug */ = {
			isa = XCBuildConfiguration;
			buildSettings = {
				BUNDLE_LOADER = "$(TEST_HOST)";
				DEBUG_INFORMATION_FORMAT = dwarf;
				INFOPLIST_FILE = MultiPongTests/Info.plist;
				LD_RUNPATH_SEARCH_PATHS = "$(inherited) @executable_path/Frameworks @loader_path/Frameworks";
				PRODUCT_BUNDLE_IDENTIFIER = com.RobinsonBros.MultiPongTests;
				PRODUCT_NAME = "$(TARGET_NAME)";
				TEST_HOST = "$(BUILT_PRODUCTS_DIR)/MultiPong.app/MultiPong";
			};
			name = Debug;
		};
		354314A21C2A7DC500602C50 /* Release */ = {
			isa = XCBuildConfiguration;
			buildSettings = {
				BUNDLE_LOADER = "$(TEST_HOST)";
				INFOPLIST_FILE = MultiPongTests/Info.plist;
				LD_RUNPATH_SEARCH_PATHS = "$(inherited) @executable_path/Frameworks @loader_path/Frameworks";
				PRODUCT_BUNDLE_IDENTIFIER = com.RobinsonBros.MultiPongTests;
				PRODUCT_NAME = "$(TARGET_NAME)";
				TEST_HOST = "$(BUILT_PRODUCTS_DIR)/MultiPong.app/MultiPong";
			};
			name = Release;
		};
		354314CB1C2A8DFA00602C50 /* Debug */ = {
			isa = XCBuildConfiguration;
			buildSettings = {
				ASSETCATALOG_COMPILER_APPICON_NAME = AppIcon;
				CODE_SIGN_IDENTITY = "iPhone Developer";
				"CODE_SIGN_IDENTITY[sdk=iphoneos*]" = "iPhone Developer";
				INFOPLIST_FILE = "MultiPong iPhone/Info.plist";
				IPHONEOS_DEPLOYMENT_TARGET = 9.2;
				LD_RUNPATH_SEARCH_PATHS = "$(inherited) @executable_path/Frameworks";
				PRODUCT_BUNDLE_IDENTIFIER = "com.RobinsonBros.MultiPong-iPhone";
				PRODUCT_NAME = "$(TARGET_NAME)";
				SDKROOT = iphoneos;
				TARGETED_DEVICE_FAMILY = "1,2";
			};
			name = Debug;
		};
		354314CC1C2A8DFA00602C50 /* Release */ = {
			isa = XCBuildConfiguration;
			buildSettings = {
				ASSETCATALOG_COMPILER_APPICON_NAME = AppIcon;
				CODE_SIGN_IDENTITY = "iPhone Developer";
				"CODE_SIGN_IDENTITY[sdk=iphoneos*]" = "iPhone Developer";
				INFOPLIST_FILE = "MultiPong iPhone/Info.plist";
				IPHONEOS_DEPLOYMENT_TARGET = 9.2;
				LD_RUNPATH_SEARCH_PATHS = "$(inherited) @executable_path/Frameworks";
				PRODUCT_BUNDLE_IDENTIFIER = "com.RobinsonBros.MultiPong-iPhone";
				PRODUCT_NAME = "$(TARGET_NAME)";
				SDKROOT = iphoneos;
				TARGETED_DEVICE_FAMILY = "1,2";
			};
			name = Release;
		};
		354314CE1C2A8DFA00602C50 /* Debug */ = {
			isa = XCBuildConfiguration;
			buildSettings = {
				BUNDLE_LOADER = "$(TEST_HOST)";
				"CODE_SIGN_IDENTITY[sdk=iphoneos*]" = "iPhone Developer";
				DEBUG_INFORMATION_FORMAT = dwarf;
				INFOPLIST_FILE = "MultiPong iPhoneTests/Info.plist";
				IPHONEOS_DEPLOYMENT_TARGET = 9.2;
				LD_RUNPATH_SEARCH_PATHS = "$(inherited) @executable_path/Frameworks @loader_path/Frameworks";
				PRODUCT_BUNDLE_IDENTIFIER = "com.RobinsonBros.MultiPong-iPhoneTests";
				PRODUCT_NAME = "$(TARGET_NAME)";
				SDKROOT = iphoneos;
				TEST_HOST = "$(BUILT_PRODUCTS_DIR)/MultiPong iPhone.app/MultiPong iPhone";
			};
			name = Debug;
		};
		354314CF1C2A8DFA00602C50 /* Release */ = {
			isa = XCBuildConfiguration;
			buildSettings = {
				BUNDLE_LOADER = "$(TEST_HOST)";
				"CODE_SIGN_IDENTITY[sdk=iphoneos*]" = "iPhone Developer";
				INFOPLIST_FILE = "MultiPong iPhoneTests/Info.plist";
				IPHONEOS_DEPLOYMENT_TARGET = 9.2;
				LD_RUNPATH_SEARCH_PATHS = "$(inherited) @executable_path/Frameworks @loader_path/Frameworks";
				PRODUCT_BUNDLE_IDENTIFIER = "com.RobinsonBros.MultiPong-iPhoneTests";
				PRODUCT_NAME = "$(TARGET_NAME)";
				SDKROOT = iphoneos;
				TEST_HOST = "$(BUILT_PRODUCTS_DIR)/MultiPong iPhone.app/MultiPong iPhone";
			};
			name = Release;
		};
/* End XCBuildConfiguration section */

/* Begin XCConfigurationList section */
		354314721C2A7DC400602C50 /* Build configuration list for PBXProject "MultiPong" */ = {
			isa = XCConfigurationList;
			buildConfigurations = (
				3543149B1C2A7DC500602C50 /* Debug */,
				3543149C1C2A7DC500602C50 /* Release */,
			);
			defaultConfigurationIsVisible = 0;
			defaultConfigurationName = Release;
		};
		3543149D1C2A7DC500602C50 /* Build configuration list for PBXNativeTarget "MultiPong" */ = {
			isa = XCConfigurationList;
			buildConfigurations = (
				3543149E1C2A7DC500602C50 /* Debug */,
				3543149F1C2A7DC500602C50 /* Release */,
			);
			defaultConfigurationIsVisible = 0;
		};
		354314A01C2A7DC500602C50 /* Build configuration list for PBXNativeTarget "MultiPongTests" */ = {
			isa = XCConfigurationList;
			buildConfigurations = (
				354314A11C2A7DC500602C50 /* Debug */,
				354314A21C2A7DC500602C50 /* Release */,
			);
			defaultConfigurationIsVisible = 0;
		};
		354314CA1C2A8DFA00602C50 /* Build configuration list for PBXNativeTarget "MultiPong iPhone" */ = {
			isa = XCConfigurationList;
			buildConfigurations = (
				354314CB1C2A8DFA00602C50 /* Debug */,
				354314CC1C2A8DFA00602C50 /* Release */,
			);
			defaultConfigurationIsVisible = 0;
		};
		354314CD1C2A8DFA00602C50 /* Build configuration list for PBXNativeTarget "MultiPong iPhoneTests" */ = {
			isa = XCConfigurationList;
			buildConfigurations = (
				354314CE1C2A8DFA00602C50 /* Debug */,
				354314CF1C2A8DFA00602C50 /* Release */,
			);
			defaultConfigurationIsVisible = 0;
		};
/* End XCConfigurationList section */
	};
	rootObject = 3543146F1C2A7DC400602C50 /* Project object */;
}
